
Microsoft Visual Studio Solution File, Format Version 12.00
# Visual Studio Version 16
VisualStudioVersion = 16.0.32802.440
MinimumVisualStudioVersion = 10.0.40219.1
Project("{FAE04EC0-301F-11D3-BF4B-00C04F79EFBC}") = "CSus2Editor", "CSus2Editor\CSus2Editor.csproj", "{731BF7B4-CBE5-4B76-8771-56BE9223EDEA}"
EndProject
Global
	GlobalSection(SolutionConfigurationPlatforms) = preSolution
		Debug|Any CPU = Debug|Any CPU
		Release|Any CPU = Release|Any CPU
	EndGlobalSection
	GlobalSection(ProjectConfigurationPlatforms) = postSolution
		{731BF7B4-CBE5-4B76-8771-56BE9223EDEA}.Debug|Any CPU.ActiveCfg = Debug|Any CPU
		{731BF7B4-CBE5-4B76-8771-56BE9223EDEA}.Debug|Any CPU.Build.0 = Debug|Any CPU
		{731BF7B4-CBE5-4B76-8771-56BE9223EDEA}.Release|Any CPU.ActiveCfg = Release|Any CPU
		{731BF7B4-CBE5-4B76-8771-56BE9223EDEA}.Release|Any CPU.Build.0 = Release|Any CPU
	EndGlobalSection
	GlobalSection(SolutionProperties) = preSolution
		HideSolutionNode = FALSE
	EndGlobalSection
	GlobalSection(ExtensibilityGlobals) = postSolution
		SolutionGuid = {CF9026C5-18B4-47F2-8994-F3B1172F2843}
	EndGlobalSection
EndGlobal
